
Microsoft Visual Studio Solution File, Format Version 12.00
# Visual Studio Version 17
VisualStudioVersion = 17.9.34714.143
MinimumVisualStudioVersion = 10.0.40219.1
Project("{9A19103F-16F7-4668-BE54-9A1E7A4F7556}") = "MultiShop.Presentation", "MultiShop.Presentation\MultiShop.Presentation.csproj", "{2EEFA342-0A70-4DEE-9406-A4D8CF083F3B}"
EndProject
Project("{9A19103F-16F7-4668-BE54-9A1E7A4F7556}") = "MultiShop.Core", "MultiShop.Core\MultiShop.Core.csproj", "{3543CD5E-9813-4AE9-88D1-D043B3D58695}"
EndProject
Project("{9A19103F-16F7-4668-BE54-9A1E7A4F7556}") = "MultiShop.Data", "MultiShop.Data\MultiShop.Data.csproj", "{2B8CC175-0690-48A8-8F5A-40C42751B048}"
EndProject
Project("{9A19103F-16F7-4668-BE54-9A1E7A4F7556}") = "MultiShop.Business", "MultiShop.Business\MultiShop.Business.csproj", "{9274C3CA-CF01-401C-A2AC-DDDBFA93CBCE}"
EndProject
Project("{9A19103F-16F7-4668-BE54-9A1E7A4F7556}") = "MultiShop.Repository", "MultiShopRepository\MultiShop.Repository.csproj", "{1BC9AC3B-3342-47CB-8D53-49C8AA65BA72}"
EndProject
Global
	GlobalSection(SolutionConfigurationPlatforms) = preSolution
		Debug|Any CPU = Debug|Any CPU
		Release|Any CPU = Release|Any CPU
	EndGlobalSection
	GlobalSection(ProjectConfigurationPlatforms) = postSolution
		{2EEFA342-0A70-4DEE-9406-A4D8CF083F3B}.Debug|Any CPU.ActiveCfg = Debug|Any CPU
		{2EEFA342-0A70-4DEE-9406-A4D8CF083F3B}.Debug|Any CPU.Build.0 = Debug|Any CPU
		{2EEFA342-0A70-4DEE-9406-A4D8CF083F3B}.Release|Any CPU.ActiveCfg = Release|Any CPU
		{2EEFA342-0A70-4DEE-9406-A4D8CF083F3B}.Release|Any CPU.Build.0 = Release|Any CPU
		{3543CD5E-9813-4AE9-88D1-D043B3D58695}.Debug|Any CPU.ActiveCfg = Debug|Any CPU
		{3543CD5E-9813-4AE9-88D1-D043B3D58695}.Debug|Any CPU.Build.0 = Debug|Any CPU
		{3543CD5E-9813-4AE9-88D1-D043B3D58695}.Release|Any CPU.ActiveCfg = Release|Any CPU
		{3543CD5E-9813-4AE9-88D1-D043B3D58695}.Release|Any CPU.Build.0 = Release|Any CPU
		{2B8CC175-0690-48A8-8F5A-40C42751B048}.Debug|Any CPU.ActiveCfg = Debug|Any CPU
		{2B8CC175-0690-48A8-8F5A-40C42751B048}.Debug|Any CPU.Build.0 = Debug|Any CPU
		{2B8CC175-0690-48A8-8F5A-40C42751B048}.Release|Any CPU.ActiveCfg = Release|Any CPU
		{2B8CC175-0690-48A8-8F5A-40C42751B048}.Release|Any CPU.Build.0 = Release|Any CPU
		{9274C3CA-CF01-401C-A2AC-DDDBFA93CBCE}.Debug|Any CPU.ActiveCfg = Debug|Any CPU
		{9274C3CA-CF01-401C-A2AC-DDDBFA93CBCE}.Debug|Any CPU.Build.0 = Debug|Any CPU
		{9274C3CA-CF01-401C-A2AC-DDDBFA93CBCE}.Release|Any CPU.ActiveCfg = Release|Any CPU
		{9274C3CA-CF01-401C-A2AC-DDDBFA93CBCE}.Release|Any CPU.Build.0 = Release|Any CPU
		{1BC9AC3B-3342-47CB-8D53-49C8AA65BA72}.Debug|Any CPU.ActiveCfg = Debug|Any CPU
		{1BC9AC3B-3342-47CB-8D53-49C8AA65BA72}.Debug|Any CPU.Build.0 = Debug|Any CPU
		{1BC9AC3B-3342-47CB-8D53-49C8AA65BA72}.Release|Any CPU.ActiveCfg = Release|Any CPU
		{1BC9AC3B-3342-47CB-8D53-49C8AA65BA72}.Release|Any CPU.Build.0 = Release|Any CPU
	EndGlobalSection
	GlobalSection(SolutionProperties) = preSolution
		HideSolutionNode = FALSE
	EndGlobalSection
	GlobalSection(ExtensibilityGlobals) = postSolution
		SolutionGuid = {E7E544E7-9D46-479D-A4C4-1D8044EDA966}
	EndGlobalSection
EndGlobal
